// !$*UTF8*$!
{
	archiveVersion = 1;
	classes = {
	};
	objectVersion = 77;
	objects = {

/* Begin PBXContainerItemProxy section */
		F774C3EA2DD376FC00850422 /* PBXContainerItemProxy */ = {
			isa = PBXContainerItemProxy;
			containerPortal = F774C3D12DD376FA00850422 /* Project object */;
			proxyType = 1;
			remoteGlobalIDString = F774C3D82DD376FA00850422;
			remoteInfo = Klotski;
		};
		F774C3F42DD376FC00850422 /* PBXContainerItemProxy */ = {
			isa = PBXContainerItemProxy;
			containerPortal = F774C3D12DD376FA00850422 /* Project object */;
			proxyType = 1;
			remoteGlobalIDString = F774C3D82DD376FA00850422;
			remoteInfo = Klotski;
		};
/* End PBXContainerItemProxy section */

/* Begin PBXFileReference section */
		F774C3D92DD376FA00850422 /* Klotski.app */ = {isa = PBXFileReference; explicitFileType = wrapper.application; includeInIndex = 0; path = Klotski.app; sourceTree = BUILT_PRODUCTS_DIR; };
		F774C3E92DD376FC00850422 /* KlotskiTests.xctest */ = {isa = PBXFileReference; explicitFileType = wrapper.cfbundle; includeInIndex = 0; path = KlotskiTests.xctest; sourceTree = BUILT_PRODUCTS_DIR; };
		F774C3F32DD376FC00850422 /* KlotskiUITests.xctest */ = {isa = PBXFileReference; explicitFileType = wrapper.cfbundle; includeInIndex = 0; path = KlotskiUITests.xctest; sourceTree = BUILT_PRODUCTS_DIR; };
		F7A095792DF327C9003BA686 /* StoreKit.framework */ = {isa = PBXFileReference; lastKnownFileType = wrapper.framework; name = StoreKit.framework; path = System/Library/Frameworks/StoreKit.framework; sourceTree = SDKROOT; };
/* End PBXFileReference section */

/* Begin PBXFileSystemSynchronizedRootGroup section */
		F774C3DB2DD376FA00850422 /* Klotski */ = {
			isa = PBXFileSystemSynchronizedRootGroup;
			path = Klotski;
			sourceTree = "<group>";
		};
		F774C3EC2DD376FC00850422 /* KlotskiTests */ = {
			isa = PBXFileSystemSynchronizedRootGroup;
			path = KlotskiTests;
			sourceTree = "<group>";
		};
		F774C3F62DD376FC00850422 /* KlotskiUITests */ = {
			isa = PBXFileSystemSynchronizedRootGroup;
			path = KlotskiUITests;
			sourceTree = "<group>";
		};
/* End PBXFileSystemSynchronizedRootGroup section */

/* Begin PBXFrameworksBuildPhase section */
		F774C3D62DD376FA00850422 /* Frameworks */ = {
			isa = PBXFrameworksBuildPhase;
			buildActionMask = 2147483647;
			files = (
			);
			runOnlyForDeploymentPostprocessing = 0;
		};
		F774C3E62DD376FC00850422 /* Frameworks */ = {
			isa = PBXFrameworksBuildPhase;
			buildActionMask = 2147483647;
			files = (
			);
			runOnlyForDeploymentPostprocessing = 0;
		};
		F774C3F02DD376FC00850422 /* Frameworks */ = {
			isa = PBXFrameworksBuildPhase;
			buildActionMask = 2147483647;
			files = (
			);
			runOnlyForDeploymentPostprocessing = 0;
		};
/* End PBXFrameworksBuildPhase section */

/* Begin PBXGroup section */
		F774C3D02DD376FA00850422 = {
			isa = PBXGroup;
			children = (
				F774C3DB2DD376FA00850422 /* Klotski */,
				F774C3EC2DD376FC00850422 /* KlotskiTests */,
				F774C3F62DD376FC00850422 /* KlotskiUITests */,
				F7A095782DF327C9003BA686 /* Frameworks */,
				F774C3DA2DD376FA00850422 /* Products */,
			);
			sourceTree = "<group>";
		};
		F774C3DA2DD376FA00850422 /* Products */ = {
			isa = PBXGroup;
			children = (
				F774C3D92DD376FA00850422 /* Klotski.app */,
				F774C3E92DD376FC00850422 /* KlotskiTests.xctest */,
				F774C3F32DD376FC00850422 /* KlotskiUITests.xctest */,
			);
			name = Products;
			sourceTree = "<group>";
		};
		F7A095782DF327C9003BA686 /* Frameworks */ = {
			isa = PBXGroup;
			children = (
				F7A095792DF327C9003BA686 /* StoreKit.framework */,
			);
			name = Frameworks;
			sourceTree = "<group>";
		};
/* End PBXGroup section */

/* Begin PBXNativeTarget section */
		F774C3D82DD376FA00850422 /* Klotski */ = {
			isa = PBXNativeTarget;
			buildConfigurationList = F774C3FD2DD376FC00850422 /* Build configuration list for PBXNativeTarget "Klotski" */;
			buildPhases = (
				F774C3D52DD376FA00850422 /* Sources */,
				F774C3D62DD376FA00850422 /* Frameworks */,
				F774C3D72DD376FA00850422 /* Resources */,
			);
			buildRules = (
			);
			dependencies = (
			);
			fileSystemSynchronizedGroups = (
				F774C3DB2DD376FA00850422 /* Klotski */,
			);
			name = Klotski;
			packageProductDependencies = (
			);
			productName = Klotski;
			productReference = F774C3D92DD376FA00850422 /* Klotski.app */;
			productType = "com.apple.product-type.application";
		};
		F774C3E82DD376FC00850422 /* KlotskiTests */ = {
			isa = PBXNativeTarget;
			buildConfigurationList = F774C4002DD376FC00850422 /* Build configuration list for PBXNativeTarget "KlotskiTests" */;
			buildPhases = (
				F774C3E52DD376FC00850422 /* Sources */,
				F774C3E62DD376FC00850422 /* Frameworks */,
				F774C3E72DD376FC00850422 /* Resources */,
			);
			buildRules = (
			);
			dependencies = (
				F774C3EB2DD376FC00850422 /* PBXTargetDependency */,
			);
			fileSystemSynchronizedGroups = (
				F774C3EC2DD376FC00850422 /* KlotskiTests */,
			);
			name = KlotskiTests;
			packageProductDependencies = (
			);
			productName = KlotskiTests;
			productReference = F774C3E92DD376FC00850422 /* KlotskiTests.xctest */;
			productType = "com.apple.product-type.bundle.unit-test";
		};
		F774C3F22DD376FC00850422 /* KlotskiUITests */ = {
			isa = PBXNativeTarget;
			buildConfigurationList = F774C4032DD376FC00850422 /* Build configuration list for PBXNativeTarget "KlotskiUITests" */;
			buildPhases = (
				F774C3EF2DD376FC00850422 /* Sources */,
				F774C3F02DD376FC00850422 /* Frameworks */,
				F774C3F12DD376FC00850422 /* Resources */,
			);
			buildRules = (
			);
			dependencies = (
				F774C3F52DD376FC00850422 /* PBXTargetDependency */,
			);
			fileSystemSynchronizedGroups = (
				F774C3F62DD376FC00850422 /* KlotskiUITests */,
			);
			name = KlotskiUITests;
			packageProductDependencies = (
			);
			productName = KlotskiUITests;
			productReference = F774C3F32DD376FC00850422 /* KlotskiUITests.xctest */;
			productType = "com.apple.product-type.bundle.ui-testing";
		};
/* End PBXNativeTarget section */

/* Begin PBXProject section */
		F774C3D12DD376FA00850422 /* Project object */ = {
			isa = PBXProject;
			attributes = {
				BuildIndependentTargetsInParallel = 1;
				LastSwiftUpdateCheck = 1620;
				LastUpgradeCheck = 1620;
				TargetAttributes = {
					F774C3D82DD376FA00850422 = {
						CreatedOnToolsVersion = 16.2;
					};
					F774C3E82DD376FC00850422 = {
						CreatedOnToolsVersion = 16.2;
						TestTargetID = F774C3D82DD376FA00850422;
					};
					F774C3F22DD376FC00850422 = {
						CreatedOnToolsVersion = 16.2;
						TestTargetID = F774C3D82DD376FA00850422;
					};
				};
			};
			buildConfigurationList = F774C3D42DD376FA00850422 /* Build configuration list for PBXProject "Klotski" */;
			developmentRegion = en;
			hasScannedForEncodings = 0;
			knownRegions = (
				en,
				Base,
			);
			mainGroup = F774C3D02DD376FA00850422;
			minimizedProjectReferenceProxies = 1;
			packageReferences = (
			);
			preferredProjectObjectVersion = 77;
			productRefGroup = F774C3DA2DD376FA00850422 /* Products */;
			projectDirPath = "";
			projectRoot = "";
			targets = (
				F774C3D82DD376FA00850422 /* Klotski */,
				F774C3E82DD376FC00850422 /* KlotskiTests */,
				F774C3F22DD376FC00850422 /* KlotskiUITests */,
			);
		};
/* End PBXProject section */

/* Begin PBXResourcesBuildPhase section */
		F774C3D72DD376FA00850422 /* Resources */ = {
			isa = PBXResourcesBuildPhase;
			buildActionMask = 2147483647;
			files = (
			);
			runOnlyForDeploymentPostprocessing = 0;
		};
		F774C3E72DD376FC00850422 /* Resources */ = {
			isa = PBXResourcesBuildPhase;
			buildActionMask = 2147483647;
			files = (
			);
			runOnlyForDeploymentPostprocessing = 0;
		};
		F774C3F12DD376FC00850422 /* Resources */ = {
			isa = PBXResourcesBuildPhase;
			buildActionMask = 2147483647;
			files = (
			);
			runOnlyForDeploymentPostprocessing = 0;
		};
/* End PBXResourcesBuildPhase section */

/* Begin PBXSourcesBuildPhase section */
		F774C3D52DD376FA00850422 /* Sources */ = {
			isa = PBXSourcesBuildPhase;
			buildActionMask = 2147483647;
			files = (
			);
			runOnlyForDeploymentPostprocessing = 0;
		};
		F774C3E52DD376FC00850422 /* Sources */ = {
			isa = PBXSourcesBuildPhase;
			buildActionMask = 2147483647;
			files = (
			);
			runOnlyForDeploymentPostprocessing = 0;
		};
		F774C3EF2DD376FC00850422 /* Sources */ = {
			isa = PBXSourcesBuildPhase;
			buildActionMask = 2147483647;
			files = (
			);
			runOnlyForDeploymentPostprocessing = 0;
		};
/* End PBXSourcesBuildPhase section */

/* Begin PBXTargetDependency section */
		F774C3EB2DD376FC00850422 /* PBXTargetDependency */ = {
			isa = PBXTargetDependency;
			target = F774C3D82DD376FA00850422 /* Klotski */;
			targetProxy = F774C3EA2DD376FC00850422 /* PBXContainerItemProxy */;
		};
		F774C3F52DD376FC00850422 /* PBXTargetDependency */ = {
			isa = PBXTargetDependency;
			target = F774C3D82DD376FA00850422 /* Klotski */;
			targetProxy = F774C3F42DD376FC00850422 /* PBXContainerItemProxy */;
		};
/* End PBXTargetDependency section */

/* Begin XCBuildConfiguration section */
		F774C3FB2DD376FC00850422 /* Debug */ = {
			isa = XCBuildConfiguration;
			buildSettings = {
				ALWAYS_SEARCH_USER_PATHS = NO;
				ASSETCATALOG_COMPILER_GENERATE_SWIFT_ASSET_SYMBOL_EXTENSIONS = YES;
				CLANG_ANALYZER_NONNULL = YES;
				CLANG_ANALYZER_NUMBER_OBJECT_CONVERSION = YES_AGGRESSIVE;
				CLANG_CXX_LANGUAGE_STANDARD = "gnu++20";
				CLANG_ENABLE_MODULES = YES;
				CLANG_ENABLE_OBJC_ARC = YES;
				CLANG_ENABLE_OBJC_WEAK = YES;
				CLANG_WARN_BLOCK_CAPTURE_AUTORELEASING = YES;
				CLANG_WARN_BOOL_CONVERSION = YES;
				CLANG_WARN_COMMA = YES;
				CLANG_WARN_CONSTANT_CONVERSION = YES;
				CLANG_WARN_DEPRECATED_OBJC_IMPLEMENTATIONS = YES;
				CLANG_WARN_DIRECT_OBJC_ISA_USAGE = YES_ERROR;
				CLANG_WARN_DOCUMENTATION_COMMENTS = YES;
				CLANG_WARN_EMPTY_BODY = YES;
				CLANG_WARN_ENUM_CONVERSION = YES;
				CLANG_WARN_INFINITE_RECURSION = YES;
				CLANG_WARN_INT_CONVERSION = YES;
				CLANG_WARN_NON_LITERAL_NULL_CONVERSION = YES;
				CLANG_WARN_OBJC_IMPLICIT_RETAIN_SELF = YES;
				CLANG_WARN_OBJC_LITERAL_CONVERSION = YES;
				CLANG_WARN_OBJC_ROOT_CLASS = YES_ERROR;
				CLANG_WARN_QUOTED_INCLUDE_IN_FRAMEWORK_HEADER = YES;
				CLANG_WARN_RANGE_LOOP_ANALYSIS = YES;
				CLANG_WARN_STRICT_PROTOTYPES = YES;
				CLANG_WARN_SUSPICIOUS_MOVE = YES;
				CLANG_WARN_UNGUARDED_AVAILABILITY = YES_AGGRESSIVE;
				CLANG_WARN_UNREACHABLE_CODE = YES;
				CLANG_WARN__DUPLICATE_METHOD_MATCH = YES;
				COPY_PHASE_STRIP = NO;
				DEBUG_INFORMATION_FORMAT = dwarf;
				ENABLE_STRICT_OBJC_MSGSEND = YES;
				ENABLE_TESTABILITY = YES;
				ENABLE_USER_SCRIPT_SANDBOXING = YES;
				GCC_C_LANGUAGE_STANDARD = gnu17;
				GCC_DYNAMIC_NO_PIC = NO;
				GCC_NO_COMMON_BLOCKS = YES;
				GCC_OPTIMIZATION_LEVEL = 0;
				GCC_PREPROCESSOR_DEFINITIONS = (
					"DEBUG=1",
					"$(inherited)",
				);
				GCC_WARN_64_TO_32_BIT_CONVERSION = YES;
				GCC_WARN_ABOUT_RETURN_TYPE = YES_ERROR;
				GCC_WARN_UNDECLARED_SELECTOR = YES;
				GCC_WARN_UNINITIALIZED_AUTOS = YES_AGGRESSIVE;
				GCC_WARN_UNUSED_FUNCTION = YES;
				GCC_WARN_UNUSED_VARIABLE = YES;
				IPHONEOS_DEPLOYMENT_TARGET = 18.2;
				LOCALIZATION_PREFERS_STRING_CATALOGS = YES;
				MTL_ENABLE_DEBUG_INFO = INCLUDE_SOURCE;
				MTL_FAST_MATH = YES;
				ONLY_ACTIVE_ARCH = YES;
				SDKROOT = iphoneos;
				SWIFT_ACTIVE_COMPILATION_CONDITIONS = "DEBUG $(inherited)";
				SWIFT_OPTIMIZATION_LEVEL = "-Onone";
			};
			name = Debug;
		};
		F774C3FC2DD376FC00850422 /* Release */ = {
			isa = XCBuildConfiguration;
			buildSettings = {
				ALWAYS_SEARCH_USER_PATHS = NO;
				ASSETCATALOG_COMPILER_GENERATE_SWIFT_ASSET_SYMBOL_EXTENSIONS = YES;
				CLANG_ANALYZER_NONNULL = YES;
				CLANG_ANALYZER_NUMBER_OBJECT_CONVERSION = YES_AGGRESSIVE;
				CLANG_CXX_LANGUAGE_STANDARD = "gnu++20";
				CLANG_ENABLE_MODULES = YES;
				CLANG_ENABLE_OBJC_ARC = YES;
				CLANG_ENABLE_OBJC_WEAK = YES;
				CLANG_WARN_BLOCK_CAPTURE_AUTORELEASING = YES;
				CLANG_WARN_BOOL_CONVERSION = YES;
				CLANG_WARN_COMMA = YES;
				CLANG_WARN_CONSTANT_CONVERSION = YES;
				CLANG_WARN_DEPRECATED_OBJC_IMPLEMENTATIONS = YES;
				CLANG_WARN_DIRECT_OBJC_ISA_USAGE = YES_ERROR;
				CLANG_WARN_DOCUMENTATION_COMMENTS = YES;
				CLANG_WARN_EMPTY_BODY = YES;
				CLANG_WARN_ENUM_CONVERSION = YES;
				CLANG_WARN_INFINITE_RECURSION = YES;
				CLANG_WARN_INT_CONVERSION = YES;
				CLANG_WARN_NON_LITERAL_NULL_CONVERSION = YES;
				CLANG_WARN_OBJC_IMPLICIT_RETAIN_SELF = YES;
				CLANG_WARN_OBJC_LITERAL_CONVERSION = YES;
				CLANG_WARN_OBJC_ROOT_CLASS = YES_ERROR;
				CLANG_WARN_QUOTED_INCLUDE_IN_FRAMEWORK_HEADER = YES;
				CLANG_WARN_RANGE_LOOP_ANALYSIS = YES;
				CLANG_WARN_STRICT_PROTOTYPES = YES;
				CLANG_WARN_SUSPICIOUS_MOVE = YES;
				CLANG_WARN_UNGUARDED_AVAILABILITY = YES_AGGRESSIVE;
				CLANG_WARN_UNREACHABLE_CODE = YES;
				CLANG_WARN__DUPLICATE_METHOD_MATCH = YES;
				COPY_PHASE_STRIP = NO;
				DEBUG_INFORMATION_FORMAT = "dwarf-with-dsym";
				ENABLE_NS_ASSERTIONS = NO;
				ENABLE_STRICT_OBJC_MSGSEND = YES;
				ENABLE_USER_SCRIPT_SANDBOXING = YES;
				GCC_C_LANGUAGE_STANDARD = gnu17;
				GCC_NO_COMMON_BLOCKS = YES;
				GCC_WARN_64_TO_32_BIT_CONVERSION = YES;
				GCC_WARN_ABOUT_RETURN_TYPE = YES_ERROR;
				GCC_WARN_UNDECLARED_SELECTOR = YES;
				GCC_WARN_UNINITIALIZED_AUTOS = YES_AGGRESSIVE;
				GCC_WARN_UNUSED_FUNCTION = YES;
				GCC_WARN_UNUSED_VARIABLE = YES;
				IPHONEOS_DEPLOYMENT_TARGET = 18.2;
				LOCALIZATION_PREFERS_STRING_CATALOGS = YES;
				MTL_ENABLE_DEBUG_INFO = NO;
				MTL_FAST_MATH = YES;
				SDKROOT = iphoneos;
				SWIFT_COMPILATION_MODE = wholemodule;
				VALIDATE_PRODUCT = YES;
			};
			name = Release;
		};
		F774C3FE2DD376FC00850422 /* Debug */ = {
			isa = XCBuildConfiguration;
			buildSettings = {
				ASSETCATALOG_COMPILER_APPICON_NAME = AppIcon;
				ASSETCATALOG_COMPILER_GLOBAL_ACCENT_COLOR_NAME = AccentColor;
				CODE_SIGN_ENTITLEMENTS = Klotski/Klotski.entitlements;
				CODE_SIGN_STYLE = Automatic;
				CURRENT_PROJECT_VERSION = 1;
				DEVELOPMENT_ASSET_PATHS = "\"Klotski/Preview Content\"";
				DEVELOPMENT_TEAM = ZB293ZXGKV;
				ENABLE_PREVIEWS = YES;
				GENERATE_INFOPLIST_FILE = YES;
				INFOPLIST_KEY_CFBundleDisplayName = "华容道";
				INFOPLIST_KEY_UIApplicationSceneManifest_Generation = YES;
				INFOPLIST_KEY_UIApplicationSupportsIndirectInputEvents = YES;
				INFOPLIST_KEY_UILaunchScreen_Generation = YES;
				INFOPLIST_KEY_UISupportedInterfaceOrientations = UIInterfaceOrientationPortrait;
				INFOPLIST_KEY_UISupportedInterfaceOrientations_iPad = "UIInterfaceOrientationLandscapeLeft UIInterfaceOrientationLandscapeRight UIInterfaceOrientationPortrait UIInterfaceOrientationPortraitUpsideDown";
				IPHONEOS_DEPLOYMENT_TARGET = 17.0;
				LD_RUNPATH_SEARCH_PATHS = (
					"$(inherited)",
					"@executable_path/Frameworks",
				);
				MARKETING_VERSION = 1.0;
				PRODUCT_BUNDLE_IDENTIFIER = com.shenlan.Klotski;
				PRODUCT_NAME = "$(TARGET_NAME)";
				SWIFT_EMIT_LOC_STRINGS = YES;
				SWIFT_VERSION = 5.0;
				TARGETED_DEVICE_FAMILY = "1,2";
			};
			name = Debug;
		};
		F774C3FF2DD376FC00850422 /* Release */ = {
			isa = XCBuildConfiguration;
			buildSettings = {
				ASSETCATALOG_COMPILER_APPICON_NAME = AppIcon;
				ASSETCATALOG_COMPILER_GLOBAL_ACCENT_COLOR_NAME = AccentColor;
				CODE_SIGN_ENTITLEMENTS = Klotski/Klotski.entitlements;
				CODE_SIGN_STYLE = Automatic;
				CURRENT_PROJECT_VERSION = 1;
				DEVELOPMENT_ASSET_PATHS = "\"Klotski/Preview Content\"";
				DEVELOPMENT_TEAM = ZB293ZXGKV;
				ENABLE_PREVIEWS = YES;
				GENERATE_INFOPLIST_FILE = YES;
				INFOPLIST_KEY_CFBundleDisplayName = "华容道";
				INFOPLIST_KEY_UIApplicationSceneManifest_Generation = YES;
				INFOPLIST_KEY_UIApplicationSupportsIndirectInputEvents = YES;
				INFOPLIST_KEY_UILaunchScreen_Generation = YES;
				INFOPLIST_KEY_UISupportedInterfaceOrientations = UIInterfaceOrientationPortrait;
				INFOPLIST_KEY_UISupportedInterfaceOrientations_iPad = "UIInterfaceOrientationLandscapeLeft UIInterfaceOrientationLandscapeRight UIInterfaceOrientationPortrait UIInterfaceOrientationPortraitUpsideDown";
				IPHONEOS_DEPLOYMENT_TARGET = 17.0;
				LD_RUNPATH_SEARCH_PATHS = (
					"$(inherited)",
					"@executable_path/Frameworks",
				);
				MARKETING_VERSION = 1.0;
				PRODUCT_BUNDLE_IDENTIFIER = com.shenlan.Klotski;
				PRODUCT_NAME = "$(TARGET_NAME)";
				SWIFT_EMIT_LOC_STRINGS = YES;
				SWIFT_VERSION = 5.0;
				TARGETED_DEVICE_FAMILY = "1,2";
			};
			name = Release;
		};
		F774C4012DD376FC00850422 /* Debug */ = {
			isa = XCBuildConfiguration;
			buildSettings = {
				BUNDLE_LOADER = "$(TEST_HOST)";
				CODE_SIGN_STYLE = Automatic;
				CURRENT_PROJECT_VERSION = 1;
				DEVELOPMENT_TEAM = ZB293ZXGKV;
				GENERATE_INFOPLIST_FILE = YES;
				IPHONEOS_DEPLOYMENT_TARGET = 18.2;
				MARKETING_VERSION = 1.0;
				PRODUCT_BUNDLE_IDENTIFIER = com.shenlan.KlotskiTests;
				PRODUCT_NAME = "$(TARGET_NAME)";
				SWIFT_EMIT_LOC_STRINGS = NO;
				SWIFT_VERSION = 5.0;
				TARGETED_DEVICE_FAMILY = "1,2";
				TEST_HOST = "$(BUILT_PRODUCTS_DIR)/Klotski.app/$(BUNDLE_EXECUTABLE_FOLDER_PATH)/Klotski";
			};
			name = Debug;
		};
		F774C4022DD376FC00850422 /* Release */ = {
			isa = XCBuildConfiguration;
			buildSettings = {
				BUNDLE_LOADER = "$(TEST_HOST)";
				CODE_SIGN_STYLE = Automatic;
				CURRENT_PROJECT_VERSION = 1;
				DEVELOPMENT_TEAM = ZB293ZXGKV;
				GENERATE_INFOPLIST_FILE = YES;
				IPHONEOS_DEPLOYMENT_TARGET = 18.2;
				MARKETING_VERSION = 1.0;
				PRODUCT_BUNDLE_IDENTIFIER = com.shenlan.KlotskiTests;
				PRODUCT_NAME = "$(TARGET_NAME)";
				SWIFT_EMIT_LOC_STRINGS = NO;
				SWIFT_VERSION = 5.0;
				TARGETED_DEVICE_FAMILY = "1,2";
				TEST_HOST = "$(BUILT_PRODUCTS_DIR)/Klotski.app/$(BUNDLE_EXECUTABLE_FOLDER_PATH)/Klotski";
			};
			name = Release;
		};
		F774C4042DD376FC00850422 /* Debug */ = {
			isa = XCBuildConfiguration;
			buildSettings = {
				CODE_SIGN_STYLE = Automatic;
				CURRENT_PROJECT_VERSION = 1;
				DEVELOPMENT_TEAM = ZB293ZXGKV;
				GENERATE_INFOPLIST_FILE = YES;
				MARKETING_VERSION = 1.0;
				PRODUCT_BUNDLE_IDENTIFIER = com.shenlan.KlotskiUITests;
				PRODUCT_NAME = "$(TARGET_NAME)";
				SWIFT_EMIT_LOC_STRINGS = NO;
				SWIFT_VERSION = 5.0;
				TARGETED_DEVICE_FAMILY = "1,2";
				TEST_TARGET_NAME = Klotski;
			};
			name = Debug;
		};
		F774C4052DD376FC00850422 /* Release */ = {
			isa = XCBuildConfiguration;
			buildSettings = {
				CODE_SIGN_STYLE = Automatic;
				CURRENT_PROJECT_VERSION = 1;
				DEVELOPMENT_TEAM = ZB293ZXGKV;
				GENERATE_INFOPLIST_FILE = YES;
				MARKETING_VERSION = 1.0;
				PRODUCT_BUNDLE_IDENTIFIER = com.shenlan.KlotskiUITests;
				PRODUCT_NAME = "$(TARGET_NAME)";
				SWIFT_EMIT_LOC_STRINGS = NO;
				SWIFT_VERSION = 5.0;
				TARGETED_DEVICE_FAMILY = "1,2";
				TEST_TARGET_NAME = Klotski;
			};
			name = Release;
		};
/* End XCBuildConfiguration section */

/* Begin XCConfigurationList section */
		F774C3D42DD376FA00850422 /* Build configuration list for PBXProject "Klotski" */ = {
			isa = XCConfigurationList;
			buildConfigurations = (
				F774C3FB2DD376FC00850422 /* Debug */,
				F774C3FC2DD376FC00850422 /* Release */,
			);
			defaultConfigurationIsVisible = 0;
			defaultConfigurationName = Release;
		};
		F774C3FD2DD376FC00850422 /* Build configuration list for PBXNativeTarget "Klotski" */ = {
			isa = XCConfigurationList;
			buildConfigurations = (
				F774C3FE2DD376FC00850422 /* Debug */,
				F774C3FF2DD376FC00850422 /* Release */,
			);
			defaultConfigurationIsVisible = 0;
			defaultConfigurationName = Release;
		};
		F774C4002DD376FC00850422 /* Build configuration list for PBXNativeTarget "KlotskiTests" */ = {
			isa = XCConfigurationList;
			buildConfigurations = (
				F774C4012DD376FC00850422 /* Debug */,
				F774C4022DD376FC00850422 /* Release */,
			);
			defaultConfigurationIsVisible = 0;
			defaultConfigurationName = Release;
		};
		F774C4032DD376FC00850422 /* Build configuration list for PBXNativeTarget "KlotskiUITests" */ = {
			isa = XCConfigurationList;
			buildConfigurations = (
				F774C4042DD376FC00850422 /* Debug */,
				F774C4052DD376FC00850422 /* Release */,
			);
			defaultConfigurationIsVisible = 0;
			defaultConfigurationName = Release;
		};
/* End XCConfigurationList section */
	};
	rootObject = F774C3D12DD376FA00850422 /* Project object */;
}
